<Solution>
  <Folder Name="/src/">
    <Project Path="src/Tyanor/Tyanor.csproj" />
    <Project Path="src/Tyanor.Providers.Aws/Tyanor.Providers.Aws.csproj" />
    <Project Path="src/Tyanor.Providers.Local/Tyanor.Providers.Local.csproj" />
  </Folder>
  <Folder Name="/tests/">
    <Project Path="tests/Tyanor.Tests/Tyanor.Tests.csproj" />
    <Project Path="tests/Tyanor.Docs.Tests/Tyanor.Docs.Tests.csproj" />
    <Project Path="tests/Tyanor.Providers.Aws.Tests/Tyanor.Providers.Aws.Tests.csproj" />
    <Project Path="tests/Tyanor.Providers.Local.Tests/Tyanor.Providers.Local.Tests.csproj" />
  </Folder>
</Solution>
