<Solution>
  <Folder Name="/src/">
    <Project Path="src/Tyanor.Core/Tyanor.Core.csproj" />
    <Project Path="src/Tyanor.Engine/Tyanor.Engine.csproj" />
    <Project Path="src/Tyanor.Extensions.DependencyInjection/Tyanor.Extensions.DependencyInjection.csproj" />
    <Project Path="src/Tyanor.Providers.Aws/Tyanor.Providers.Aws.csproj" />
    <Project Path="src/Tyanor.Providers.Local/Tyanor.Providers.Local.csproj" />
    <Project Path="src/Tyanor.Testing/Tyanor.Testing.csproj" />
  </Folder>
  <Folder Name="/tests/">
    <Project Path="tests/Tyanor.Core.Tests/Tyanor.Core.Tests.csproj" />
    <Project Path="tests/Tyanor.Docs.Tests/Tyanor.Docs.Tests.csproj" />
    <Project Path="tests/Tyanor.Providers.Aws.Tests/Tyanor.Providers.Aws.Tests.csproj" />
    <Project Path="tests/Tyanor.Providers.Local.Tests/Tyanor.Providers.Local.Tests.csproj" />
  </Folder>
</Solution>
